
Microsoft Visual Studio Solution File, Format Version 12.00
# Visual Studio 14
VisualStudioVersion = 14.0.25420.1
MinimumVisualStudioVersion = 10.0.40219.1
Project("{FAE04EC0-301F-11D3-BF4B-00C04F79EFBC}") = "Kaspersky", "Kaspersky\Kaspersky.csproj", "{CE41A8D5-FCFD-4197-A7C5-EAE1F0937686}"
EndProject
Project("{FAE04EC0-301F-11D3-BF4B-00C04F79EFBC}") = "KasperskyLib", "KasperskyLib\KasperskyLib.csproj", "{A2850E06-B55D-4B95-8424-8420D1A32468}"
EndProject
Global
	GlobalSection(SolutionConfigurationPlatforms) = preSolution
		Debug|Any CPU = Debug|Any CPU
		Release|Any CPU = Release|Any CPU
	EndGlobalSection
	GlobalSection(ProjectConfigurationPlatforms) = postSolution
		{CE41A8D5-FCFD-4197-A7C5-EAE1F0937686}.Debug|Any CPU.ActiveCfg = Debug|Any CPU
		{CE41A8D5-FCFD-4197-A7C5-EAE1F0937686}.Debug|Any CPU.Build.0 = Debug|Any CPU
		{CE41A8D5-FCFD-4197-A7C5-EAE1F0937686}.Release|Any CPU.ActiveCfg = Release|Any CPU
		{CE41A8D5-FCFD-4197-A7C5-EAE1F0937686}.Release|Any CPU.Build.0 = Release|Any CPU
		{A2850E06-B55D-4B95-8424-8420D1A32468}.Debug|Any CPU.ActiveCfg = Debug|Any CPU
		{A2850E06-B55D-4B95-8424-8420D1A32468}.Debug|Any CPU.Build.0 = Debug|Any CPU
		{A2850E06-B55D-4B95-8424-8420D1A32468}.Release|Any CPU.ActiveCfg = Release|Any CPU
		{A2850E06-B55D-4B95-8424-8420D1A32468}.Release|Any CPU.Build.0 = Release|Any CPU
	EndGlobalSection
	GlobalSection(SolutionProperties) = preSolution
		HideSolutionNode = FALSE
	EndGlobalSection
EndGlobal
